
Microsoft Visual Studio Solution File, Format Version 12.00
Project("{FAE04EC0-301F-11D3-BF4B-00C04F79EFBC}") = "Checkout.PaymentGateway.WebApi", "src\Checkout.PaymentGateway.WebApi\Checkout.PaymentGateway.WebApi.csproj", "{9CD3B30B-9DD3-46A7-9169-8B73A08A6DF6}"
EndProject
Project("{2150E333-8FDC-42A3-9474-1A3956D46DE8}") = "src", "src", "{E7762F7D-E605-4D30-BD1F-B4FBB19088FC}"
EndProject
Project("{2150E333-8FDC-42A3-9474-1A3956D46DE8}") = "test", "test", "{205139CF-3FED-403D-BF98-B6D1D6C6EBBB}"
EndProject
Project("{2150E333-8FDC-42A3-9474-1A3956D46DE8}") = "Solution Items", "Solution Items", "{09161C67-FEDC-421C-B890-4DD9D5E6B3E2}"
ProjectSection(SolutionItems) = preProject
	.dockerignore = .dockerignore
	.gitignore = .gitignore
	docker-compose.test.yml = docker-compose.test.yml
	docker-compose.yml = docker-compose.yml
	README.md = README.md
EndProjectSection
EndProject
Project("{FAE04EC0-301F-11D3-BF4B-00C04F79EFBC}") = "Checkout.PaymentGateway.Models", "src\Checkout.PaymentGateway.Models\Checkout.PaymentGateway.Models.csproj", "{EE5E6439-DCEA-469F-912B-EC833DD210D4}"
EndProject
Project("{FAE04EC0-301F-11D3-BF4B-00C04F79EFBC}") = "Checkout.PaymentGateway.Services", "src\Checkout.PaymentGateway.Services\Checkout.PaymentGateway.Services.csproj", "{02ED8475-F1F1-439B-8C2F-C3BE4315CE3E}"
EndProject
Project("{FAE04EC0-301F-11D3-BF4B-00C04F79EFBC}") = "Checkout.PaymentGateway.WebApi.Integration.Test", "test\Checkout.PaymentGateway.WebApi.Integration.Test\Checkout.PaymentGateway.WebApi.Integration.Test.csproj", "{FE963459-B46E-45F7-9A1E-AC79B1ADB56B}"
EndProject
Project("{FAE04EC0-301F-11D3-BF4B-00C04F79EFBC}") = "Checkout.PaymentGateway.Services.Test", "test\Checkout.PaymentGateway.Services.Test\Checkout.PaymentGateway.Services.Test.csproj", "{8EE3400F-9288-421E-90C9-50789091ECCF}"
EndProject
Project("{FAE04EC0-301F-11D3-BF4B-00C04F79EFBC}") = "Checkout.PaymentGateway.Data", "src\Checkout.PaymentGateway.Data\Checkout.PaymentGateway.Data.csproj", "{9FE85512-C078-46AD-9E39-9085EEA4B201}"
EndProject
Project("{FAE04EC0-301F-11D3-BF4B-00C04F79EFBC}") = "Checkout.PaymentGateway.Core", "src\Checkout.PaymentGateway.Core\Checkout.PaymentGateway.Core.csproj", "{0822A165-A210-45DF-A240-98EDBC1CFB77}"
EndProject
Project("{FAE04EC0-301F-11D3-BF4B-00C04F79EFBC}") = "Checkout.PaymentGateway.Data.Test", "test\Checkout.PaymentGateway.Data.Test\Checkout.PaymentGateway.Data.Test.csproj", "{5C6C40EF-78D9-4DBC-9CAE-49D5B7778AE1}"
EndProject
Project("{FAE04EC0-301F-11D3-BF4B-00C04F79EFBC}") = "Checkout.PaymentGateway.WebApi.Client", "src\Checkout.PaymentGateway.WebApi.Client\Checkout.PaymentGateway.WebApi.Client.csproj", "{7CCDE289-7F1A-4CA1-9B94-986D3DB6E53A}"
EndProject
Project("{FAE04EC0-301F-11D3-BF4B-00C04F79EFBC}") = "Checkout.PaymentGateway.WebApi.Client.Test", "test\Checkout.PaymentGateway.WebApi.Client.Test\Checkout.PaymentGateway.WebApi.Client.Test.csproj", "{29BF49D3-C4F9-4CBA-B943-45BD8837974B}"
EndProject
Project("{FAE04EC0-301F-11D3-BF4B-00C04F79EFBC}") = "Checkout.PaymentGateway.WebApi.Client.Integration.Test", "test\Checkout.PaymentGateway.WebApi.Client.Integration.Test\Checkout.PaymentGateway.WebApi.Client.Integration.Test.csproj", "{01EA497E-5A97-444E-9A6D-06BCC8C6B194}"
EndProject
Global
	GlobalSection(SolutionConfigurationPlatforms) = preSolution
		Debug|Any CPU = Debug|Any CPU
		Release|Any CPU = Release|Any CPU
	EndGlobalSection
	GlobalSection(ProjectConfigurationPlatforms) = postSolution
		{9CD3B30B-9DD3-46A7-9169-8B73A08A6DF6}.Debug|Any CPU.ActiveCfg = Debug|Any CPU
		{9CD3B30B-9DD3-46A7-9169-8B73A08A6DF6}.Debug|Any CPU.Build.0 = Debug|Any CPU
		{9CD3B30B-9DD3-46A7-9169-8B73A08A6DF6}.Release|Any CPU.ActiveCfg = Release|Any CPU
		{9CD3B30B-9DD3-46A7-9169-8B73A08A6DF6}.Release|Any CPU.Build.0 = Release|Any CPU
		{EE5E6439-DCEA-469F-912B-EC833DD210D4}.Debug|Any CPU.ActiveCfg = Debug|Any CPU
		{EE5E6439-DCEA-469F-912B-EC833DD210D4}.Debug|Any CPU.Build.0 = Debug|Any CPU
		{EE5E6439-DCEA-469F-912B-EC833DD210D4}.Release|Any CPU.ActiveCfg = Release|Any CPU
		{EE5E6439-DCEA-469F-912B-EC833DD210D4}.Release|Any CPU.Build.0 = Release|Any CPU
		{02ED8475-F1F1-439B-8C2F-C3BE4315CE3E}.Debug|Any CPU.ActiveCfg = Debug|Any CPU
		{02ED8475-F1F1-439B-8C2F-C3BE4315CE3E}.Debug|Any CPU.Build.0 = Debug|Any CPU
		{02ED8475-F1F1-439B-8C2F-C3BE4315CE3E}.Release|Any CPU.ActiveCfg = Release|Any CPU
		{02ED8475-F1F1-439B-8C2F-C3BE4315CE3E}.Release|Any CPU.Build.0 = Release|Any CPU
		{FE963459-B46E-45F7-9A1E-AC79B1ADB56B}.Debug|Any CPU.ActiveCfg = Debug|Any CPU
		{FE963459-B46E-45F7-9A1E-AC79B1ADB56B}.Debug|Any CPU.Build.0 = Debug|Any CPU
		{FE963459-B46E-45F7-9A1E-AC79B1ADB56B}.Release|Any CPU.ActiveCfg = Release|Any CPU
		{FE963459-B46E-45F7-9A1E-AC79B1ADB56B}.Release|Any CPU.Build.0 = Release|Any CPU
		{8EE3400F-9288-421E-90C9-50789091ECCF}.Debug|Any CPU.ActiveCfg = Debug|Any CPU
		{8EE3400F-9288-421E-90C9-50789091ECCF}.Debug|Any CPU.Build.0 = Debug|Any CPU
		{8EE3400F-9288-421E-90C9-50789091ECCF}.Release|Any CPU.ActiveCfg = Release|Any CPU
		{8EE3400F-9288-421E-90C9-50789091ECCF}.Release|Any CPU.Build.0 = Release|Any CPU
		{9FE85512-C078-46AD-9E39-9085EEA4B201}.Debug|Any CPU.ActiveCfg = Debug|Any CPU
		{9FE85512-C078-46AD-9E39-9085EEA4B201}.Debug|Any CPU.Build.0 = Debug|Any CPU
		{9FE85512-C078-46AD-9E39-9085EEA4B201}.Release|Any CPU.ActiveCfg = Release|Any CPU
		{9FE85512-C078-46AD-9E39-9085EEA4B201}.Release|Any CPU.Build.0 = Release|Any CPU
		{0822A165-A210-45DF-A240-98EDBC1CFB77}.Debug|Any CPU.ActiveCfg = Debug|Any CPU
		{0822A165-A210-45DF-A240-98EDBC1CFB77}.Debug|Any CPU.Build.0 = Debug|Any CPU
		{0822A165-A210-45DF-A240-98EDBC1CFB77}.Release|Any CPU.ActiveCfg = Release|Any CPU
		{0822A165-A210-45DF-A240-98EDBC1CFB77}.Release|Any CPU.Build.0 = Release|Any CPU
		{5C6C40EF-78D9-4DBC-9CAE-49D5B7778AE1}.Debug|Any CPU.ActiveCfg = Debug|Any CPU
		{5C6C40EF-78D9-4DBC-9CAE-49D5B7778AE1}.Debug|Any CPU.Build.0 = Debug|Any CPU
		{5C6C40EF-78D9-4DBC-9CAE-49D5B7778AE1}.Release|Any CPU.ActiveCfg = Release|Any CPU
		{5C6C40EF-78D9-4DBC-9CAE-49D5B7778AE1}.Release|Any CPU.Build.0 = Release|Any CPU
		{7CCDE289-7F1A-4CA1-9B94-986D3DB6E53A}.Debug|Any CPU.ActiveCfg = Debug|Any CPU
		{7CCDE289-7F1A-4CA1-9B94-986D3DB6E53A}.Debug|Any CPU.Build.0 = Debug|Any CPU
		{7CCDE289-7F1A-4CA1-9B94-986D3DB6E53A}.Release|Any CPU.ActiveCfg = Release|Any CPU
		{7CCDE289-7F1A-4CA1-9B94-986D3DB6E53A}.Release|Any CPU.Build.0 = Release|Any CPU
		{29BF49D3-C4F9-4CBA-B943-45BD8837974B}.Debug|Any CPU.ActiveCfg = Debug|Any CPU
		{29BF49D3-C4F9-4CBA-B943-45BD8837974B}.Debug|Any CPU.Build.0 = Debug|Any CPU
		{29BF49D3-C4F9-4CBA-B943-45BD8837974B}.Release|Any CPU.ActiveCfg = Release|Any CPU
		{29BF49D3-C4F9-4CBA-B943-45BD8837974B}.Release|Any CPU.Build.0 = Release|Any CPU
		{01EA497E-5A97-444E-9A6D-06BCC8C6B194}.Debug|Any CPU.ActiveCfg = Debug|Any CPU
		{01EA497E-5A97-444E-9A6D-06BCC8C6B194}.Debug|Any CPU.Build.0 = Debug|Any CPU
		{01EA497E-5A97-444E-9A6D-06BCC8C6B194}.Release|Any CPU.ActiveCfg = Release|Any CPU
		{01EA497E-5A97-444E-9A6D-06BCC8C6B194}.Release|Any CPU.Build.0 = Release|Any CPU
	EndGlobalSection
	GlobalSection(NestedProjects) = preSolution
		{9CD3B30B-9DD3-46A7-9169-8B73A08A6DF6} = {E7762F7D-E605-4D30-BD1F-B4FBB19088FC}
		{EE5E6439-DCEA-469F-912B-EC833DD210D4} = {E7762F7D-E605-4D30-BD1F-B4FBB19088FC}
		{02ED8475-F1F1-439B-8C2F-C3BE4315CE3E} = {E7762F7D-E605-4D30-BD1F-B4FBB19088FC}
		{FE963459-B46E-45F7-9A1E-AC79B1ADB56B} = {205139CF-3FED-403D-BF98-B6D1D6C6EBBB}
		{8EE3400F-9288-421E-90C9-50789091ECCF} = {205139CF-3FED-403D-BF98-B6D1D6C6EBBB}
		{9FE85512-C078-46AD-9E39-9085EEA4B201} = {E7762F7D-E605-4D30-BD1F-B4FBB19088FC}
		{0822A165-A210-45DF-A240-98EDBC1CFB77} = {E7762F7D-E605-4D30-BD1F-B4FBB19088FC}
		{5C6C40EF-78D9-4DBC-9CAE-49D5B7778AE1} = {205139CF-3FED-403D-BF98-B6D1D6C6EBBB}
		{7CCDE289-7F1A-4CA1-9B94-986D3DB6E53A} = {E7762F7D-E605-4D30-BD1F-B4FBB19088FC}
		{29BF49D3-C4F9-4CBA-B943-45BD8837974B} = {205139CF-3FED-403D-BF98-B6D1D6C6EBBB}
		{01EA497E-5A97-444E-9A6D-06BCC8C6B194} = {205139CF-3FED-403D-BF98-B6D1D6C6EBBB}
	EndGlobalSection
EndGlobal
